Microsoft Visual Studio Solution File, Format Version 12.00
# Visual Studio Version 17
VisualStudioVersion = 17.5.2.0
MinimumVisualStudioVersion = 10.0.40219.1
Project("{FAE04EC0-301F-11D3-BF4B-00C04F79EFBC}") = "CommentApi", "CommentApi\CommentApi.csproj", "{A527A869-95DB-078E-723F-05717FDF815C}"
EndProject
Global
	GlobalSection(SolutionConfigurationPlatforms) = preSolution
		Debug|Any CPU = Debug|Any CPU
		Release|Any CPU = Release|Any CPU
	EndGlobalSection
	GlobalSection(ProjectConfigurationPlatforms) = postSolution
		{A527A869-95DB-078E-723F-05717FDF815C}.Debug|Any CPU.ActiveCfg = Debug|Any CPU
		{A527A869-95DB-078E-723F-05717FDF815C}.Debug|Any CPU.Build.0 = Debug|Any CPU
		{A527A869-95DB-078E-723F-05717FDF815C}.Release|Any CPU.ActiveCfg = Release|Any CPU
		{A527A869-95DB-078E-723F-05717FDF815C}.Release|Any CPU.Build.0 = Release|Any CPU
	EndGlobalSection
	GlobalSection(SolutionProperties) = preSolution
		HideSolutionNode = FALSE
	EndGlobalSection
	GlobalSection(ExtensibilityGlobals) = postSolution
		SolutionGuid = {8CFC3F42-39E1-48C1-B347-E795794FE57A}
	EndGlobalSection
EndGlobal
